
Microsoft Visual Studio Solution File, Format Version 12.00
# Visual Studio Version 17
VisualStudioVersion = 17.8.34511.84
MinimumVisualStudioVersion = 10.0.40219.1
Project("{FAE04EC0-301F-11D3-BF4B-00C04F79EFBC}") = "JeuxList", "JeuxList\JeuxList.csproj", "{648190C7-D58C-4F69-AD61-5329AB267FBE}"
EndProject
Project("{FAE04EC0-301F-11D3-BF4B-00C04F79EFBC}") = "BiblioTests", "BiblioTests\BiblioTests.csproj", "{B429B5A3-1909-4D6E-9E66-E8EE60B83439}"
EndProject
Global
	GlobalSection(SolutionConfigurationPlatforms) = preSolution
		Debug|Any CPU = Debug|Any CPU
		Release|Any CPU = Release|Any CPU
	EndGlobalSection
	GlobalSection(ProjectConfigurationPlatforms) = postSolution
		{648190C7-D58C-4F69-AD61-5329AB267FBE}.Debug|Any CPU.ActiveCfg = Debug|Any CPU
		{648190C7-D58C-4F69-AD61-5329AB267FBE}.Debug|Any CPU.Build.0 = Debug|Any CPU
		{648190C7-D58C-4F69-AD61-5329AB267FBE}.Release|Any CPU.ActiveCfg = Release|Any CPU
		{648190C7-D58C-4F69-AD61-5329AB267FBE}.Release|Any CPU.Build.0 = Release|Any CPU
		{B429B5A3-1909-4D6E-9E66-E8EE60B83439}.Debug|Any CPU.ActiveCfg = Debug|Any CPU
		{B429B5A3-1909-4D6E-9E66-E8EE60B83439}.Debug|Any CPU.Build.0 = Debug|Any CPU
		{B429B5A3-1909-4D6E-9E66-E8EE60B83439}.Release|Any CPU.ActiveCfg = Release|Any CPU
		{B429B5A3-1909-4D6E-9E66-E8EE60B83439}.Release|Any CPU.Build.0 = Release|Any CPU
	EndGlobalSection
	GlobalSection(SolutionProperties) = preSolution
		HideSolutionNode = FALSE
	EndGlobalSection
	GlobalSection(ExtensibilityGlobals) = postSolution
		SolutionGuid = {1F0E6919-3117-4BB9-8233-8BB594DAF631}
	EndGlobalSection
EndGlobal
